<Solution>
  <Folder Name="/src/">
    <Project Path="src/Recall.Api/Recall.Api.csproj" />
    <Project Path="src/Recall.Application/Recall.Application.csproj" />
    <Project Path="src/Recall.Domain/Recall.Domain.csproj" />
    <Project Path="src/Recall.Infrastructure/Recall.Infrastructure.csproj" />
    <Project Path="src/Recall.Mcp/Recall.Mcp.csproj" />
    <Project Path="src/Recall.Worker/Recall.Worker.csproj" />
  </Folder>
  <Folder Name="/tests/">
    <Project Path="tests/Recall.E2E/Recall.E2E.csproj" />
    <Project Path="tests/Recall.IntegrationTests/Recall.IntegrationTests.csproj" />
    <Project Path="tests/Recall.UnitTests/Recall.UnitTests.csproj" />
  </Folder>
</Solution>
